
Microsoft Visual Studio Solution File, Format Version 12.00
# Visual Studio 15
Project("{FAE04EC0-301F-11D3-BF4B-00C04F79EFBC}") = "Assembly-CSharp", "Assembly-CSharp.csproj", "{3ACF13FE-C3D0-07A4-D23F-6AD4A03809F4}"
EndProject
Project("{FAE04EC0-301F-11D3-BF4B-00C04F79EFBC}") = "Assembly-CSharp-Editor", "Assembly-CSharp-Editor.csproj", "{3B16A563-74CD-0FF6-04A4-B623D6FADEBC}"
EndProject
Global
	GlobalSection(SolutionConfigurationPlatforms) = preSolution
		Debug|Any CPU = Debug|Any CPU
		Release|Any CPU = Release|Any CPU
	EndGlobalSection
	GlobalSection(ProjectConfigurationPlatforms) = postSolution
		{3ACF13FE-C3D0-07A4-D23F-6AD4A03809F4}.Debug|Any CPU.ActiveCfg = Debug|Any CPU
		{3ACF13FE-C3D0-07A4-D23F-6AD4A03809F4}.Debug|Any CPU.Build.0 = Debug|Any CPU
		{3ACF13FE-C3D0-07A4-D23F-6AD4A03809F4}.Release|Any CPU.ActiveCfg = Release|Any CPU
		{3ACF13FE-C3D0-07A4-D23F-6AD4A03809F4}.Release|Any CPU.Build.0 = Release|Any CPU
		{3B16A563-74CD-0FF6-04A4-B623D6FADEBC}.Debug|Any CPU.ActiveCfg = Debug|Any CPU
		{3B16A563-74CD-0FF6-04A4-B623D6FADEBC}.Debug|Any CPU.Build.0 = Debug|Any CPU
		{3B16A563-74CD-0FF6-04A4-B623D6FADEBC}.Release|Any CPU.ActiveCfg = Release|Any CPU
		{3B16A563-74CD-0FF6-04A4-B623D6FADEBC}.Release|Any CPU.Build.0 = Release|Any CPU
	EndGlobalSection
	GlobalSection(SolutionProperties) = preSolution
		HideSolutionNode = FALSE
	EndGlobalSection
EndGlobal
